// !$*UTF8*$!
{
	archiveVersion = 1;
	classes = {
	};
	objectVersion = 50;
	objects = {

/* Begin PBXBuildFile section */
		A87B49572614D66A00B32BAF /* CSVSampleApp.swift in Sources */ = {isa = PBXBuildFile; fileRef = A87B49562614D66A00B32BAF /* CSVSampleApp.swift */; };
		A87B49592614D66A00B32BAF /* ContentView.swift in Sources */ = {isa = PBXBuildFile; fileRef = A87B49582614D66A00B32BAF /* ContentView.swift */; };
		A87B495B2614D66C00B32BAF /* Assets.xcassets in Resources */ = {isa = PBXBuildFile; fileRef = A87B495A2614D66C00B32BAF /* Assets.xcassets */; };
		A87B495E2614D66C00B32BAF /* Preview Assets.xcassets in Resources */ = {isa = PBXBuildFile; fileRef = A87B495D2614D66C00B32BAF /* Preview Assets.xcassets */; };
		A87B49702614DED100B32BAF /* capital.csv in Resources */ = {isa = PBXBuildFile; fileRef = A87B496F2614DED100B32BAF /* capital.csv */; };
		A87B49852614FAAB00B32BAF /* sample.csv in Resources */ = {isa = PBXBuildFile; fileRef = A87B49842614FAAA00B32BAF /* sample.csv */; };
		A881177828B6D90E00DD662E /* brand.csv in Resources */ = {isa = PBXBuildFile; fileRef = A881177728B6D90E00DD662E /* brand.csv */; };
/* End PBXBuildFile section */

/* Begin PBXFileReference section */
		A87B49532614D66A00B32BAF /* CSVSample.app */ = {isa = PBXFileReference; explicitFileType = wrapper.application; includeInIndex = 0; path = CSVSample.app; sourceTree = BUILT_PRODUCTS_DIR; };
		A87B49562614D66A00B32BAF /* CSVSampleApp.swift */ = {isa = PBXFileReference; lastKnownFileType = sourcecode.swift; path = CSVSampleApp.swift; sourceTree = "<group>"; };
		A87B49582614D66A00B32BAF /* ContentView.swift */ = {isa = PBXFileReference; lastKnownFileType = sourcecode.swift; path = ContentView.swift; sourceTree = "<group>"; };
		A87B495A2614D66C00B32BAF /* Assets.xcassets */ = {isa = PBXFileReference; lastKnownFileType = folder.assetcatalog; path = Assets.xcassets; sourceTree = "<group>"; };
		A87B495D2614D66C00B32BAF /* Preview Assets.xcassets */ = {isa = PBXFileReference; lastKnownFileType = folder.assetcatalog; path = "Preview Assets.xcassets"; sourceTree = "<group>"; };
		A87B495F2614D66C00B32BAF /* Info.plist */ = {isa = PBXFileReference; lastKnownFileType = text.plist.xml; path = Info.plist; sourceTree = "<group>"; };
		A87B496F2614DED100B32BAF /* capital.csv */ = {isa = PBXFileReference; lastKnownFileType = text; path = capital.csv; sourceTree = "<group>"; };
		A87B49842614FAAA00B32BAF /* sample.csv */ = {isa = PBXFileReference; fileEncoding = 4; lastKnownFileType = text; path = sample.csv; sourceTree = "<group>"; };
		A881177728B6D90E00DD662E /* brand.csv */ = {isa = PBXFileReference; fileEncoding = 4; lastKnownFileType = text; path = brand.csv; sourceTree = "<group>"; };
/* End PBXFileReference section */

/* Begin PBXFrameworksBuildPhase section */
		A87B49502614D66A00B32BAF /* Frameworks */ = {
			isa = PBXFrameworksBuildPhase;
			buildActionMask = 2147483647;
			files = (
			);
			runOnlyForDeploymentPostprocessing = 0;
		};
/* End PBXFrameworksBuildPhase section */

/* Begin PBXGroup section */
		A87B494A2614D66A00B32BAF = {
			isa = PBXGroup;
			children = (
				A87B49842614FAAA00B32BAF /* sample.csv */,
				A87B496F2614DED100B32BAF /* capital.csv */,
				A881177728B6D90E00DD662E /* brand.csv */,
				A87B49552614D66A00B32BAF /* CSVSample */,
				A87B49542614D66A00B32BAF /* Products */,
			);
			sourceTree = "<group>";
		};
		A87B49542614D66A00B32BAF /* Products */ = {
			isa = PBXGroup;
			children = (
				A87B49532614D66A00B32BAF /* CSVSample.app */,
			);
			name = Products;
			sourceTree = "<group>";
		};
		A87B49552614D66A00B32BAF /* CSVSample */ = {
			isa = PBXGroup;
			children = (
				A87B49562614D66A00B32BAF /* CSVSampleApp.swift */,
				A87B49582614D66A00B32BAF /* ContentView.swift */,
				A87B495A2614D66C00B32BAF /* Assets.xcassets */,
				A87B495F2614D66C00B32BAF /* Info.plist */,
				A87B495C2614D66C00B32BAF /* Preview Content */,
			);
			path = CSVSample;
			sourceTree = "<group>";
		};
		A87B495C2614D66C00B32BAF /* Preview Content */ = {
			isa = PBXGroup;
			children = (
				A87B495D2614D66C00B32BAF /* Preview Assets.xcassets */,
			);
			path = "Preview Content";
			sourceTree = "<group>";
		};
/* End PBXGroup section */

/* Begin PBXNativeTarget section */
		A87B49522614D66A00B32BAF /* CSVSample */ = {
			isa = PBXNativeTarget;
			buildConfigurationList = A87B49622614D66C00B32BAF /* Build configuration list for PBXNativeTarget "CSVSample" */;
			buildPhases = (
				A87B494F2614D66A00B32BAF /* Sources */,
				A87B49502614D66A00B32BAF /* Frameworks */,
				A87B49512614D66A00B32BAF /* Resources */,
			);
			buildRules = (
			);
			dependencies = (
			);
			name = CSVSample;
			productName = CSVSample;
			productReference = A87B49532614D66A00B32BAF /* CSVSample.app */;
			productType = "com.apple.product-type.application";
		};
/* End PBXNativeTarget section */

/* Begin PBXProject section */
		A87B494B2614D66A00B32BAF /* Project object */ = {
			isa = PBXProject;
			attributes = {
				LastSwiftUpdateCheck = 1240;
				LastUpgradeCheck = 1240;
				TargetAttributes = {
					A87B49522614D66A00B32BAF = {
						CreatedOnToolsVersion = 12.4;
					};
				};
			};
			buildConfigurationList = A87B494E2614D66A00B32BAF /* Build configuration list for PBXProject "CSVSample" */;
			compatibilityVersion = "Xcode 9.3";
			developmentRegion = en;
			hasScannedForEncodings = 0;
			knownRegions = (
				en,
				Base,
			);
			mainGroup = A87B494A2614D66A00B32BAF;
			productRefGroup = A87B49542614D66A00B32BAF /* Products */;
			projectDirPath = "";
			projectRoot = "";
			targets = (
				A87B49522614D66A00B32BAF /* CSVSample */,
			);
		};
/* End PBXProject section */

/* Begin PBXResourcesBuildPhase section */
		A87B49512614D66A00B32BAF /* Resources */ = {
			isa = PBXResourcesBuildPhase;
			buildActionMask = 2147483647;
			files = (
				A87B495E2614D66C00B32BAF /* Preview Assets.xcassets in Resources */,
				A87B495B2614D66C00B32BAF /* Assets.xcassets in Resources */,
				A881177828B6D90E00DD662E /* brand.csv in Resources */,
				A87B49852614FAAB00B32BAF /* sample.csv in Resources */,
				A87B49702614DED100B32BAF /* capital.csv in Resources */,
			);
			runOnlyForDeploymentPostprocessing = 0;
		};
/* End PBXResourcesBuildPhase section */

/* Begin PBXSourcesBuildPhase section */
		A87B494F2614D66A00B32BAF /* Sources */ = {
			isa = PBXSourcesBuildPhase;
			buildActionMask = 2147483647;
			files = (
				A87B49592614D66A00B32BAF /* ContentView.swift in Sources */,
				A87B49572614D66A00B32BAF /* CSVSampleApp.swift in Sources */,
			);
			runOnlyForDeploymentPostprocessing = 0;
		};
/* End PBXSourcesBuildPhase section */

/* Begin XCBuildConfiguration section */
		A87B49602614D66C00B32BAF /* Debug */ = {
			isa = XCBuildConfiguration;
			buildSettings = {
				ALWAYS_SEARCH_USER_PATHS = NO;
				CLANG_ANALYZER_NONNULL = YES;
				CLANG_ANALYZER_NUMBER_OBJECT_CONVERSION = YES_AGGRESSIVE;
				CLANG_CXX_LANGUAGE_STANDARD = "gnu++14";
				CLANG_CXX_LIBRARY = "libc++";
				CLANG_ENABLE_MODULES = YES;
				CLANG_ENABLE_OBJC_ARC = YES;
				CLANG_ENABLE_OBJC_WEAK = YES;
				CLANG_WARN_BLOCK_CAPTURE_AUTORELEASING = YES;
				CLANG_WARN_BOOL_CONVERSION = YES;
				CLANG_WARN_COMMA = YES;
				CLANG_WARN_CONSTANT_CONVERSION = YES;
				CLANG_WARN_DEPRECATED_OBJC_IMPLEMENTATIONS = YES;
				CLANG_WARN_DIRECT_OBJC_ISA_USAGE = YES_ERROR;
				CLANG_WARN_DOCUMENTATION_COMMENTS = YES;
				CLANG_WARN_EMPTY_BODY = YES;
				CLANG_WARN_ENUM_CONVERSION = YES;
				CLANG_WARN_INFINITE_RECURSION = YES;
				CLANG_WARN_INT_CONVERSION = YES;
				CLANG_WARN_NON_LITERAL_NULL_CONVERSION = YES;
				CLANG_WARN_OBJC_IMPLICIT_RETAIN_SELF = YES;
				CLANG_WARN_OBJC_LITERAL_CONVERSION = YES;
				CLANG_WARN_OBJC_ROOT_CLASS = YES_ERROR;
				CLANG_WARN_QUOTED_INCLUDE_IN_FRAMEWORK_HEADER = YES;
				CLANG_WARN_RANGE_LOOP_ANALYSIS = YES;
				CLANG_WARN_STRICT_PROTOTYPES = YES;
				CLANG_WARN_SUSPICIOUS_MOVE = YES;
				CLANG_WARN_UNGUARDED_AVAILABILITY = YES_AGGRESSIVE;
				CLANG_WARN_UNREACHABLE_CODE = YES;
				CLANG_WARN__DUPLICATE_METHOD_MATCH = YES;
				COPY_PHASE_STRIP = NO;
				DEBUG_INFORMATION_FORMAT = dwarf;
				ENABLE_STRICT_OBJC_MSGSEND = YES;
				ENABLE_TESTABILITY = YES;
				GCC_C_LANGUAGE_STANDARD = gnu11;
				GCC_DYNAMIC_NO_PIC = NO;
				GCC_NO_COMMON_BLOCKS = YES;
				GCC_OPTIMIZATION_LEVEL = 0;
				GCC_PREPROCESSOR_DEFINITIONS = (
					"DEBUG=1",
					"$(inherited)",
				);
				GCC_WARN_64_TO_32_BIT_CONVERSION = YES;
				GCC_WARN_ABOUT_RETURN_TYPE = YES_ERROR;
				GCC_WARN_UNDECLARED_SELECTOR = YES;
				GCC_WARN_UNINITIALIZED_AUTOS = YES_AGGRESSIVE;
				GCC_WARN_UNUSED_FUNCTION = YES;
				GCC_WARN_UNUSED_VARIABLE = YES;
				IPHONEOS_DEPLOYMENT_TARGET = 14.4;
				MTL_ENABLE_DEBUG_INFO = INCLUDE_SOURCE;
				MTL_FAST_MATH = YES;
				ONLY_ACTIVE_ARCH = YES;
				SDKROOT = iphoneos;
				SWIFT_ACTIVE_COMPILATION_CONDITIONS = DEBUG;
				SWIFT_OPTIMIZATION_LEVEL = "-Onone";
			};
			name = Debug;
		};
		A87B49612614D66C00B32BAF /* Release */ = {
			isa = XCBuildConfiguration;
			buildSettings = {
				ALWAYS_SEARCH_USER_PATHS = NO;
				CLANG_ANALYZER_NONNULL = YES;
				CLANG_ANALYZER_NUMBER_OBJECT_CONVERSION = YES_AGGRESSIVE;
				CLANG_CXX_LANGUAGE_STANDARD = "gnu++14";
				CLANG_CXX_LIBRARY = "libc++";
				CLANG_ENABLE_MODULES = YES;
				CLANG_ENABLE_OBJC_ARC = YES;
				CLANG_ENABLE_OBJC_WEAK = YES;
				CLANG_WARN_BLOCK_CAPTURE_AUTORELEASING = YES;
				CLANG_WARN_BOOL_CONVERSION = YES;
				CLANG_WARN_COMMA = YES;
				CLANG_WARN_CONSTANT_CONVERSION = YES;
				CLANG_WARN_DEPRECATED_OBJC_IMPLEMENTATIONS = YES;
				CLANG_WARN_DIRECT_OBJC_ISA_USAGE = YES_ERROR;
				CLANG_WARN_DOCUMENTATION_COMMENTS = YES;
				CLANG_WARN_EMPTY_BODY = YES;
				CLANG_WARN_ENUM_CONVERSION = YES;
				CLANG_WARN_INFINITE_RECURSION = YES;
				CLANG_WARN_INT_CONVERSION = YES;
				CLANG_WARN_NON_LITERAL_NULL_CONVERSION = YES;
				CLANG_WARN_OBJC_IMPLICIT_RETAIN_SELF = YES;
				CLANG_WARN_OBJC_LITERAL_CONVERSION = YES;
				CLANG_WARN_OBJC_ROOT_CLASS = YES_ERROR;
				CLANG_WARN_QUOTED_INCLUDE_IN_FRAMEWORK_HEADER = YES;
				CLANG_WARN_RANGE_LOOP_ANALYSIS = YES;
				CLANG_WARN_STRICT_PROTOTYPES = YES;
				CLANG_WARN_SUSPICIOUS_MOVE = YES;
				CLANG_WARN_UNGUARDED_AVAILABILITY = YES_AGGRESSIVE;
				CLANG_WARN_UNREACHABLE_CODE = YES;
				CLANG_WARN__DUPLICATE_METHOD_MATCH = YES;
				COPY_PHASE_STRIP = NO;
				DEBUG_INFORMATION_FORMAT = "dwarf-with-dsym";
				ENABLE_NS_ASSERTIONS = NO;
				ENABLE_STRICT_OBJC_MSGSEND = YES;
				GCC_C_LANGUAGE_STANDARD = gnu11;
				GCC_NO_COMMON_BLOCKS = YES;
				GCC_WARN_64_TO_32_BIT_CONVERSION = YES;
				GCC_WARN_ABOUT_RETURN_TYPE = YES_ERROR;
				GCC_WARN_UNDECLARED_SELECTOR = YES;
				GCC_WARN_UNINITIALIZED_AUTOS = YES_AGGRESSIVE;
				GCC_WARN_UNUSED_FUNCTION = YES;
				GCC_WARN_UNUSED_VARIABLE = YES;
				IPHONEOS_DEPLOYMENT_TARGET = 14.4;
				MTL_ENABLE_DEBUG_INFO = NO;
				MTL_FAST_MATH = YES;
				SDKROOT = iphoneos;
				SWIFT_COMPILATION_MODE = wholemodule;
				SWIFT_OPTIMIZATION_LEVEL = "-O";
				VALIDATE_PRODUCT = YES;
			};
			name = Release;
		};
		A87B49632614D66C00B32BAF /* Debug */ = {
			isa = XCBuildConfiguration;
			buildSettings = {
				ASSETCATALOG_COMPILER_APPICON_NAME = AppIcon;
				ASSETCATALOG_COMPILER_GLOBAL_ACCENT_COLOR_NAME = AccentColor;
				CODE_SIGN_STYLE = Automatic;
				DEVELOPMENT_ASSET_PATHS = "\"CSVSample/Preview Content\"";
				DEVELOPMENT_TEAM = Y6MJ47HZC7;
				ENABLE_PREVIEWS = YES;
				INFOPLIST_FILE = CSVSample/Info.plist;
				IPHONEOS_DEPLOYMENT_TARGET = 14.0;
				LD_RUNPATH_SEARCH_PATHS = (
					"$(inherited)",
					"@executable_path/Frameworks",
				);
				PRODUCT_BUNDLE_IDENTIFIER = shotaiwata.CSVSample;
				PRODUCT_NAME = "$(TARGET_NAME)";
				SWIFT_VERSION = 5.0;
				TARGETED_DEVICE_FAMILY = "1,2";
			};
			name = Debug;
		};
		A87B49642614D66C00B32BAF /* Release */ = {
			isa = XCBuildConfiguration;
			buildSettings = {
				ASSETCATALOG_COMPILER_APPICON_NAME = AppIcon;
				ASSETCATALOG_COMPILER_GLOBAL_ACCENT_COLOR_NAME = AccentColor;
				CODE_SIGN_STYLE = Automatic;
				DEVELOPMENT_ASSET_PATHS = "\"CSVSample/Preview Content\"";
				DEVELOPMENT_TEAM = Y6MJ47HZC7;
				ENABLE_PREVIEWS = YES;
				INFOPLIST_FILE = CSVSample/Info.plist;
				IPHONEOS_DEPLOYMENT_TARGET = 14.0;
				LD_RUNPATH_SEARCH_PATHS = (
					"$(inherited)",
					"@executable_path/Frameworks",
				);
				PRODUCT_BUNDLE_IDENTIFIER = shotaiwata.CSVSample;
				PRODUCT_NAME = "$(TARGET_NAME)";
				SWIFT_VERSION = 5.0;
				TARGETED_DEVICE_FAMILY = "1,2";
			};
			name = Release;
		};
/* End XCBuildConfiguration section */

/* Begin XCConfigurationList section */
		A87B494E2614D66A00B32BAF /* Build configuration list for PBXProject "CSVSample" */ = {
			isa = XCConfigurationList;
			buildConfigurations = (
				A87B49602614D66C00B32BAF /* Debug */,
				A87B49612614D66C00B32BAF /* Release */,
			);
			defaultConfigurationIsVisible = 0;
			defaultConfigurationName = Release;
		};
		A87B49622614D66C00B32BAF /* Build configuration list for PBXNativeTarget "CSVSample" */ = {
			isa = XCConfigurationList;
			buildConfigurations = (
				A87B49632614D66C00B32BAF /* Debug */,
				A87B49642614D66C00B32BAF /* Release */,
			);
			defaultConfigurationIsVisible = 0;
			defaultConfigurationName = Release;
		};
/* End XCConfigurationList section */
	};
	rootObject = A87B494B2614D66A00B32BAF /* Project object */;
}
